
Microsoft Visual Studio Solution File, Format Version 12.00
# Visual Studio Version 17
VisualStudioVersion = 17.12.35527.113 d17.12
MinimumVisualStudioVersion = 10.0.40219.1
Project("{FAE04EC0-301F-11D3-BF4B-00C04F79EFBC}") = "TaskManager.API", "TaskManager.API\TaskManager.API.csproj", "{389B3328-CF73-40DB-860B-7607841A0C47}"
EndProject
Project("{FAE04EC0-301F-11D3-BF4B-00C04F79EFBC}") = "TaskManagerAPI.Communication", "TaskManagerAPI.Communication\TaskManagerAPI.Communication.csproj", "{4082D68D-7FBC-4D27-AD15-F352D77957D6}"
EndProject
Project("{FAE04EC0-301F-11D3-BF4B-00C04F79EFBC}") = "TaskManagerAPI.Application", "TaskManagerAPI.Application\TaskManagerAPI.Application.csproj", "{CF9F1530-0CBD-413A-98CC-85FA2F506A09}"
EndProject
Global
	GlobalSection(SolutionConfigurationPlatforms) = preSolution
		Debug|Any CPU = Debug|Any CPU
		Release|Any CPU = Release|Any CPU
	EndGlobalSection
	GlobalSection(ProjectConfigurationPlatforms) = postSolution
		{389B3328-CF73-40DB-860B-7607841A0C47}.Debug|Any CPU.ActiveCfg = Debug|Any CPU
		{389B3328-CF73-40DB-860B-7607841A0C47}.Debug|Any CPU.Build.0 = Debug|Any CPU
		{389B3328-CF73-40DB-860B-7607841A0C47}.Release|Any CPU.ActiveCfg = Release|Any CPU
		{389B3328-CF73-40DB-860B-7607841A0C47}.Release|Any CPU.Build.0 = Release|Any CPU
		{4082D68D-7FBC-4D27-AD15-F352D77957D6}.Debug|Any CPU.ActiveCfg = Debug|Any CPU
		{4082D68D-7FBC-4D27-AD15-F352D77957D6}.Debug|Any CPU.Build.0 = Debug|Any CPU
		{4082D68D-7FBC-4D27-AD15-F352D77957D6}.Release|Any CPU.ActiveCfg = Release|Any CPU
		{4082D68D-7FBC-4D27-AD15-F352D77957D6}.Release|Any CPU.Build.0 = Release|Any CPU
		{CF9F1530-0CBD-413A-98CC-85FA2F506A09}.Debug|Any CPU.ActiveCfg = Debug|Any CPU
		{CF9F1530-0CBD-413A-98CC-85FA2F506A09}.Debug|Any CPU.Build.0 = Debug|Any CPU
		{CF9F1530-0CBD-413A-98CC-85FA2F506A09}.Release|Any CPU.ActiveCfg = Release|Any CPU
		{CF9F1530-0CBD-413A-98CC-85FA2F506A09}.Release|Any CPU.Build.0 = Release|Any CPU
	EndGlobalSection
	GlobalSection(SolutionProperties) = preSolution
		HideSolutionNode = FALSE
	EndGlobalSection
EndGlobal
